
Microsoft Visual Studio Solution File, Format Version 12.00
# Visual Studio Version 17
VisualStudioVersion = 17.0.31903.59
MinimumVisualStudioVersion = 10.0.40219.1
Project("{2150E333-8FDC-42A3-9474-1A3956D46DE8}") = "AccountManagement", "AccountManagement", "{34A41C8C-8E6C-4C2F-9737-6E7ED3764CF4}"
EndProject
Project("{2150E333-8FDC-42A3-9474-1A3956D46DE8}") = "AM.Domain", "AM.Domain", "{4FA0738E-452B-48F2-8985-477A82BEBFC9}"
EndProject
Project("{2150E333-8FDC-42A3-9474-1A3956D46DE8}") = "AM.Application", "AM.Application", "{0AA385DD-2C54-4C49-9CBC-319CE3E49579}"
EndProject
Project("{2150E333-8FDC-42A3-9474-1A3956D46DE8}") = "AM.InfraStructure", "AM.InfraStructure", "{1EF48A51-2C4F-4431-850D-C32FFCA3FAA0}"
EndProject
Project("{9A19103F-16F7-4668-BE54-9A1E7A4F7556}") = "AccountManagement.Domain", "Account.Management.Domain\AccountManagement.Domain.csproj", "{D429016D-5911-4A1A-8393-4C3C59843CDF}"
EndProject
Project("{9A19103F-16F7-4668-BE54-9A1E7A4F7556}") = "AccountManagement.Application", "AccountManagement.Application\AccountManagement.Application.csproj", "{61FBE904-F4DF-4E1D-9543-1B08703E9970}"
EndProject
Project("{9A19103F-16F7-4668-BE54-9A1E7A4F7556}") = "AccountManagement.Application.Contracts", "AccountManagement.Application.Contracts\AccountManagement.Application.Contracts.csproj", "{8E50BB3C-95DD-47D1-BFCF-5E4AE6B3BED7}"
EndProject
Project("{9A19103F-16F7-4668-BE54-9A1E7A4F7556}") = "AccountManagement.Infrastructure.Configuration", "AccountManagement.Infrastructure.Configuration\AccountManagement.Infrastructure.Configuration.csproj", "{74F07B4B-CB1C-4B94-B83A-66AD5736ACED}"
EndProject
Project("{9A19103F-16F7-4668-BE54-9A1E7A4F7556}") = "AccountManagement.Infrastructure.EfCore", "AccountManagement.Infrastructure.EfCore\AccountManagement.Infrastructure.EfCore.csproj", "{16C6CF89-EF07-4700-B508-03A976B8B7A8}"
EndProject
Project("{9A19103F-16F7-4668-BE54-9A1E7A4F7556}") = "0_FrameWork", "0_FrameWork\0_FrameWork.csproj", "{AE0A2A08-1C93-41DB-A14B-E0147212D17A}"
EndProject
Project("{2150E333-8FDC-42A3-9474-1A3956D46DE8}") = "BlogManagement", "BlogManagement", "{C57CD945-91D3-4ED2-90EB-90E75971ECF6}"
EndProject
Project("{2150E333-8FDC-42A3-9474-1A3956D46DE8}") = "BM.Domain", "BM.Domain", "{5E7CC488-5801-469D-85D0-40FE77420670}"
EndProject
Project("{2150E333-8FDC-42A3-9474-1A3956D46DE8}") = "BM.Application", "BM.Application", "{A4D9944E-5BE8-4CEB-A338-1B432A99092F}"
EndProject
Project("{2150E333-8FDC-42A3-9474-1A3956D46DE8}") = "BM.InfraStructure", "BM.InfraStructure", "{25D4441E-D60B-40C9-B865-08DEEF4C9A17}"
EndProject
Project("{9A19103F-16F7-4668-BE54-9A1E7A4F7556}") = "BlogManagement.Application.Contracts", "BlogManagement.Application.Contracts\BlogManagement.Application.Contracts.csproj", "{1D1458FB-07AF-4C67-A6A5-9FD1A0E347E4}"
EndProject
Project("{9A19103F-16F7-4668-BE54-9A1E7A4F7556}") = "BlogManagement.Application", "BlogManagement.Application\BlogManagement.Application.csproj", "{C7C5A664-33BF-42BB-BB1D-1DE77304C68F}"
EndProject
Project("{9A19103F-16F7-4668-BE54-9A1E7A4F7556}") = "BlogManagement.Domain", "BlogManagement.Domain\BlogManagement.Domain.csproj", "{9807AEAC-B6A5-42E2-97D0-3C8C1BB20C4B}"
EndProject
Project("{9A19103F-16F7-4668-BE54-9A1E7A4F7556}") = "BlogManagement.InfraStructure.EfCore", "BlogManagement.InfraStructure.EfCore\BlogManagement.InfraStructure.EfCore.csproj", "{E9A90BC9-0E38-4E9D-9D21-41C4B748A862}"
EndProject
Project("{9A19103F-16F7-4668-BE54-9A1E7A4F7556}") = "BlogManagement.InfraStructure.Configuration", "BlogManagement.InfraStructure.Configuration\BlogManagement.InfraStructure.Configuration.csproj", "{6E2ED239-A485-48D0-9D5A-E633C21330C9}"
EndProject
Project("{9A19103F-16F7-4668-BE54-9A1E7A4F7556}") = "01_StoreQuery", "01_StoreQuery\01_StoreQuery.csproj", "{76CD97D8-7BE6-40AA-ABCF-59CB2A948A81}"
EndProject
Project("{2150E333-8FDC-42A3-9474-1A3956D46DE8}") = "CommentManagement", "CommentManagement", "{C6B6E95E-E3F7-4E77-8863-758BC8B62D7F}"
EndProject
Project("{2150E333-8FDC-42A3-9474-1A3956D46DE8}") = "CM.Domain", "CM.Domain", "{A7393472-705D-4ED7-915D-8E951087907D}"
EndProject
Project("{2150E333-8FDC-42A3-9474-1A3956D46DE8}") = "CM.Application", "CM.Application", "{6334EC8F-92F0-4BEF-9832-EDB087795BFE}"
EndProject
Project("{2150E333-8FDC-42A3-9474-1A3956D46DE8}") = "CM.InfraStructure", "CM.InfraStructure", "{FFD5EC0F-9160-4562-9390-A927EDF7939F}"
EndProject
Project("{9A19103F-16F7-4668-BE54-9A1E7A4F7556}") = "CommentManagement.Application.Contracts", "CommentManagement.Application.Contracts\CommentManagement.Application.Contracts.csproj", "{D51DD014-E85F-4A72-922D-9F7625B6B63D}"
EndProject
Project("{9A19103F-16F7-4668-BE54-9A1E7A4F7556}") = "CommentManagement.Application", "CommentManagement.Application\CommentManagement.Application.csproj", "{3CAB5D6D-6ECD-40E7-96B0-AF4151F4C225}"
EndProject
Project("{9A19103F-16F7-4668-BE54-9A1E7A4F7556}") = "CommentManagement.Domain", "CommentManagement.Domain\CommentManagement.Domain.csproj", "{179A1DF4-9AC4-4C13-8C53-59D7919ADCA4}"
EndProject
Project("{9A19103F-16F7-4668-BE54-9A1E7A4F7556}") = "CommentManagement.InfraStructure.EfCore", "CommentManagement.InfraStructure.EfCore\CommentManagement.InfraStructure.EfCore.csproj", "{D7C68FB3-797E-486E-AB05-0807C1AC8864}"
EndProject
Project("{9A19103F-16F7-4668-BE54-9A1E7A4F7556}") = "CommentManagement.InfraStructure.Configuration", "CommentManagement.InfraStructure.Configuration\CommentManagement.InfraStructure.Configuration.csproj", "{100672B0-69A0-45ED-9BF7-45FE27303B34}"
EndProject
Project("{2150E333-8FDC-42A3-9474-1A3956D46DE8}") = "DiscountManagement", "DiscountManagement", "{E0B8ACDA-83C8-4D38-B95F-D30FD1D35443}"
EndProject
Project("{2150E333-8FDC-42A3-9474-1A3956D46DE8}") = "DM.Domain", "DM.Domain", "{AD6F411B-F7F1-4DC7-AA91-F44EE93C6574}"
EndProject
Project("{2150E333-8FDC-42A3-9474-1A3956D46DE8}") = "DM.Application", "DM.Application", "{C79E2326-B340-4AE7-9683-17FBC2D5257E}"
EndProject
Project("{2150E333-8FDC-42A3-9474-1A3956D46DE8}") = "DM.InfraStructure", "DM.InfraStructure", "{83A1CE9D-2EA7-4ECB-A3D4-C3B134611366}"
EndProject
Project("{9A19103F-16F7-4668-BE54-9A1E7A4F7556}") = "DiscountManagement.Application.Contracts", "DiscountManagement.Application.Contracts\DiscountManagement.Application.Contracts.csproj", "{C94612B3-027E-424E-8AFD-0BAF609CD3BC}"
EndProject
Project("{9A19103F-16F7-4668-BE54-9A1E7A4F7556}") = "DiscountManagement.Application", "DiscountManagement.Application\DiscountManagement.Application.csproj", "{CFACF08E-9634-4476-B30E-4FCEA0DFC893}"
EndProject
Project("{9A19103F-16F7-4668-BE54-9A1E7A4F7556}") = "DiscountManagement.Domain", "DiscountManagement.Domain\DiscountManagement.Domain.csproj", "{1856C37D-22D1-42CD-B87F-7D1B3C7B6FA6}"
EndProject
Project("{9A19103F-16F7-4668-BE54-9A1E7A4F7556}") = "DiscountManagement.InfraStructure.EfCore", "DiscountManagement.InfraStructure.EfCore\DiscountManagement.InfraStructure.EfCore.csproj", "{AD0B9ECD-9DF9-4E52-BC74-EEB7E477FE6B}"
EndProject
Project("{9A19103F-16F7-4668-BE54-9A1E7A4F7556}") = "DiscountManagement.InfraStructure.Configuration", "DiscountManagement.InfraStructure.Configuration\DiscountManagement.InfraStructure.Configuration.csproj", "{A58D965D-61D3-4C95-A75B-88E8C98D2F16}"
EndProject
Project("{2150E333-8FDC-42A3-9474-1A3956D46DE8}") = "InventoryManagement", "InventoryManagement", "{061F47F9-AA4A-44CB-B6D0-BA85679D5808}"
EndProject
Project("{2150E333-8FDC-42A3-9474-1A3956D46DE8}") = "IM.Domain", "IM.Domain", "{F358E2DF-A1F5-4D1D-BF49-1A7F107A5027}"
EndProject
Project("{2150E333-8FDC-42A3-9474-1A3956D46DE8}") = "IM.Application", "IM.Application", "{91F0E3C9-41EB-46DF-BED4-8560CB5F5F54}"
EndProject
Project("{2150E333-8FDC-42A3-9474-1A3956D46DE8}") = "IM.InfraStructure", "IM.InfraStructure", "{E87D6830-55EC-4E70-95D3-8349EBC784D6}"
EndProject
Project("{9A19103F-16F7-4668-BE54-9A1E7A4F7556}") = "InventoryManagement.Application", "InventoryManagement.Application\InventoryManagement.Application.csproj", "{38D2F1F8-56DC-4A42-8434-C965D62C0F7A}"
EndProject
Project("{9A19103F-16F7-4668-BE54-9A1E7A4F7556}") = "InventoryManagement.Application.Contracts", "InventoryManagement.Application.Contracts\InventoryManagement.Application.Contracts.csproj", "{37452242-CA82-412D-92E3-72BD1EB363A7}"
EndProject
Project("{9A19103F-16F7-4668-BE54-9A1E7A4F7556}") = "InventoryManagement.Domain", "InventoryManagement.Domain\InventoryManagement.Domain.csproj", "{A2CB36E1-40EA-44B2-AC5C-36647C3C09A4}"
EndProject
Project("{9A19103F-16F7-4668-BE54-9A1E7A4F7556}") = "InventoryManagement.InfraStructure.EfCore", "InventoryManagement.InfraStructure.EfCore\InventoryManagement.InfraStructure.EfCore.csproj", "{8992E85C-50B6-4669-ADE7-DB909DF728DF}"
EndProject
Project("{9A19103F-16F7-4668-BE54-9A1E7A4F7556}") = "InventoryManagement.InfraStructure.Configuration", "InventoryManagement.InfraStructure.Configuration\InventoryManagement.InfraStructure.Configuration.csproj", "{F97CCFF4-D99D-49FB-AA94-DA277B179E7B}"
EndProject
Project("{2150E333-8FDC-42A3-9474-1A3956D46DE8}") = "ShopManagement", "ShopManagement", "{80A83E73-62D9-479A-A342-9C895B6377A6}"
EndProject
Project("{2150E333-8FDC-42A3-9474-1A3956D46DE8}") = "SM.Domain", "SM.Domain", "{F37CD80C-FEC5-4BA3-ADCC-8EE425D16036}"
EndProject
Project("{2150E333-8FDC-42A3-9474-1A3956D46DE8}") = "SM.Application", "SM.Application", "{03DF3256-50DE-4B0F-9075-35453CB9E66D}"
EndProject
Project("{2150E333-8FDC-42A3-9474-1A3956D46DE8}") = "SM.InfraStructure", "SM.InfraStructure", "{55B314E0-2E5B-449B-A052-9875B8E907E6}"
EndProject
Project("{9A19103F-16F7-4668-BE54-9A1E7A4F7556}") = "ShopManagement.Application.Contracts", "ShopManagement.Application.Contracts\ShopManagement.Application.Contracts.csproj", "{62D673BA-E29E-4D2F-B1B7-6420F1073AD2}"
EndProject
Project("{9A19103F-16F7-4668-BE54-9A1E7A4F7556}") = "ShopManagement.Application", "ShopManagement.Application\ShopManagement.Application.csproj", "{39BC6D55-E68E-4D38-8390-F6D7735E9976}"
EndProject
Project("{9A19103F-16F7-4668-BE54-9A1E7A4F7556}") = "ShopManagement.Domain", "ShopManagement.Domain\ShopManagement.Domain.csproj", "{306A5F54-C893-42B4-9C3D-03B4D83AA397}"
EndProject
Project("{9A19103F-16F7-4668-BE54-9A1E7A4F7556}") = "ShopManagement.InfraStructure.EfCore", "ShopManagement.InfraStructure.EfCore\ShopManagement.InfraStructure.EfCore.csproj", "{5DBE4BBD-668E-492B-A933-10E8722E9D41}"
EndProject
Project("{9A19103F-16F7-4668-BE54-9A1E7A4F7556}") = "ShopManagement.InfraStructure.Configuration", "ShopManagement.InfraStructure.Configuration\ShopManagement.InfraStructure.Configuration.csproj", "{16B40ADD-B546-4938-A922-4600A32F451B}"
EndProject
Project("{9A19103F-16F7-4668-BE54-9A1E7A4F7556}") = "ServiceHost", "ServiceHost\ServiceHost.csproj", "{D9A89589-5730-405A-BA40-83B785FA491E}"
EndProject
Project("{9A19103F-16F7-4668-BE54-9A1E7A4F7556}") = "ShopManagement.InfraStructure.InventoryAcl", "ShopManagement.InfraStructure.InventoryAcl\ShopManagement.InfraStructure.InventoryAcl.csproj", "{32C716C9-974B-4F87-A05C-86F01494BAEE}"
EndProject
Project("{2150E333-8FDC-42A3-9474-1A3956D46DE8}") = "SM.Presentation", "SM.Presentation", "{468C8629-1E7E-405C-8B04-9CB274243297}"
EndProject
Project("{FAE04EC0-301F-11D3-BF4B-00C04F79EFBC}") = "ShopManagement.Presentation.API", "ShopManagement.Presentation.API\ShopManagement.Presentation.API.csproj", "{0DA4B2D3-1A7D-4D3C-9B3F-CE70A1287AD3}"
EndProject
Global
	GlobalSection(SolutionConfigurationPlatforms) = preSolution
		Debug|Any CPU = Debug|Any CPU
		Release|Any CPU = Release|Any CPU
	EndGlobalSection
	GlobalSection(ProjectConfigurationPlatforms) = postSolution
		{D429016D-5911-4A1A-8393-4C3C59843CDF}.Debug|Any CPU.ActiveCfg = Debug|Any CPU
		{D429016D-5911-4A1A-8393-4C3C59843CDF}.Debug|Any CPU.Build.0 = Debug|Any CPU
		{D429016D-5911-4A1A-8393-4C3C59843CDF}.Release|Any CPU.ActiveCfg = Release|Any CPU
		{D429016D-5911-4A1A-8393-4C3C59843CDF}.Release|Any CPU.Build.0 = Release|Any CPU
		{61FBE904-F4DF-4E1D-9543-1B08703E9970}.Debug|Any CPU.ActiveCfg = Debug|Any CPU
		{61FBE904-F4DF-4E1D-9543-1B08703E9970}.Debug|Any CPU.Build.0 = Debug|Any CPU
		{61FBE904-F4DF-4E1D-9543-1B08703E9970}.Release|Any CPU.ActiveCfg = Release|Any CPU
		{61FBE904-F4DF-4E1D-9543-1B08703E9970}.Release|Any CPU.Build.0 = Release|Any CPU
		{8E50BB3C-95DD-47D1-BFCF-5E4AE6B3BED7}.Debug|Any CPU.ActiveCfg = Debug|Any CPU
		{8E50BB3C-95DD-47D1-BFCF-5E4AE6B3BED7}.Debug|Any CPU.Build.0 = Debug|Any CPU
		{8E50BB3C-95DD-47D1-BFCF-5E4AE6B3BED7}.Release|Any CPU.ActiveCfg = Release|Any CPU
		{8E50BB3C-95DD-47D1-BFCF-5E4AE6B3BED7}.Release|Any CPU.Build.0 = Release|Any CPU
		{74F07B4B-CB1C-4B94-B83A-66AD5736ACED}.Debug|Any CPU.ActiveCfg = Debug|Any CPU
		{74F07B4B-CB1C-4B94-B83A-66AD5736ACED}.Debug|Any CPU.Build.0 = Debug|Any CPU
		{74F07B4B-CB1C-4B94-B83A-66AD5736ACED}.Release|Any CPU.ActiveCfg = Release|Any CPU
		{74F07B4B-CB1C-4B94-B83A-66AD5736ACED}.Release|Any CPU.Build.0 = Release|Any CPU
		{16C6CF89-EF07-4700-B508-03A976B8B7A8}.Debug|Any CPU.ActiveCfg = Debug|Any CPU
		{16C6CF89-EF07-4700-B508-03A976B8B7A8}.Debug|Any CPU.Build.0 = Debug|Any CPU
		{16C6CF89-EF07-4700-B508-03A976B8B7A8}.Release|Any CPU.ActiveCfg = Release|Any CPU
		{16C6CF89-EF07-4700-B508-03A976B8B7A8}.Release|Any CPU.Build.0 = Release|Any CPU
		{AE0A2A08-1C93-41DB-A14B-E0147212D17A}.Debug|Any CPU.ActiveCfg = Debug|Any CPU
		{AE0A2A08-1C93-41DB-A14B-E0147212D17A}.Debug|Any CPU.Build.0 = Debug|Any CPU
		{AE0A2A08-1C93-41DB-A14B-E0147212D17A}.Release|Any CPU.ActiveCfg = Release|Any CPU
		{AE0A2A08-1C93-41DB-A14B-E0147212D17A}.Release|Any CPU.Build.0 = Release|Any CPU
		{1D1458FB-07AF-4C67-A6A5-9FD1A0E347E4}.Debug|Any CPU.ActiveCfg = Debug|Any CPU
		{1D1458FB-07AF-4C67-A6A5-9FD1A0E347E4}.Debug|Any CPU.Build.0 = Debug|Any CPU
		{1D1458FB-07AF-4C67-A6A5-9FD1A0E347E4}.Release|Any CPU.ActiveCfg = Release|Any CPU
		{1D1458FB-07AF-4C67-A6A5-9FD1A0E347E4}.Release|Any CPU.Build.0 = Release|Any CPU
		{C7C5A664-33BF-42BB-BB1D-1DE77304C68F}.Debug|Any CPU.ActiveCfg = Debug|Any CPU
		{C7C5A664-33BF-42BB-BB1D-1DE77304C68F}.Debug|Any CPU.Build.0 = Debug|Any CPU
		{C7C5A664-33BF-42BB-BB1D-1DE77304C68F}.Release|Any CPU.ActiveCfg = Release|Any CPU
		{C7C5A664-33BF-42BB-BB1D-1DE77304C68F}.Release|Any CPU.Build.0 = Release|Any CPU
		{9807AEAC-B6A5-42E2-97D0-3C8C1BB20C4B}.Debug|Any CPU.ActiveCfg = Debug|Any CPU
		{9807AEAC-B6A5-42E2-97D0-3C8C1BB20C4B}.Debug|Any CPU.Build.0 = Debug|Any CPU
		{9807AEAC-B6A5-42E2-97D0-3C8C1BB20C4B}.Release|Any CPU.ActiveCfg = Release|Any CPU
		{9807AEAC-B6A5-42E2-97D0-3C8C1BB20C4B}.Release|Any CPU.Build.0 = Release|Any CPU
		{E9A90BC9-0E38-4E9D-9D21-41C4B748A862}.Debug|Any CPU.ActiveCfg = Debug|Any CPU
		{E9A90BC9-0E38-4E9D-9D21-41C4B748A862}.Debug|Any CPU.Build.0 = Debug|Any CPU
		{E9A90BC9-0E38-4E9D-9D21-41C4B748A862}.Release|Any CPU.ActiveCfg = Release|Any CPU
		{E9A90BC9-0E38-4E9D-9D21-41C4B748A862}.Release|Any CPU.Build.0 = Release|Any CPU
		{6E2ED239-A485-48D0-9D5A-E633C21330C9}.Debug|Any CPU.ActiveCfg = Debug|Any CPU
		{6E2ED239-A485-48D0-9D5A-E633C21330C9}.Debug|Any CPU.Build.0 = Debug|Any CPU
		{6E2ED239-A485-48D0-9D5A-E633C21330C9}.Release|Any CPU.ActiveCfg = Release|Any CPU
		{6E2ED239-A485-48D0-9D5A-E633C21330C9}.Release|Any CPU.Build.0 = Release|Any CPU
		{76CD97D8-7BE6-40AA-ABCF-59CB2A948A81}.Debug|Any CPU.ActiveCfg = Debug|Any CPU
		{76CD97D8-7BE6-40AA-ABCF-59CB2A948A81}.Debug|Any CPU.Build.0 = Debug|Any CPU
		{76CD97D8-7BE6-40AA-ABCF-59CB2A948A81}.Release|Any CPU.ActiveCfg = Release|Any CPU
		{76CD97D8-7BE6-40AA-ABCF-59CB2A948A81}.Release|Any CPU.Build.0 = Release|Any CPU
		{D51DD014-E85F-4A72-922D-9F7625B6B63D}.Debug|Any CPU.ActiveCfg = Debug|Any CPU
		{D51DD014-E85F-4A72-922D-9F7625B6B63D}.Debug|Any CPU.Build.0 = Debug|Any CPU
		{D51DD014-E85F-4A72-922D-9F7625B6B63D}.Release|Any CPU.ActiveCfg = Release|Any CPU
		{D51DD014-E85F-4A72-922D-9F7625B6B63D}.Release|Any CPU.Build.0 = Release|Any CPU
		{3CAB5D6D-6ECD-40E7-96B0-AF4151F4C225}.Debug|Any CPU.ActiveCfg = Debug|Any CPU
		{3CAB5D6D-6ECD-40E7-96B0-AF4151F4C225}.Debug|Any CPU.Build.0 = Debug|Any CPU
		{3CAB5D6D-6ECD-40E7-96B0-AF4151F4C225}.Release|Any CPU.ActiveCfg = Release|Any CPU
		{3CAB5D6D-6ECD-40E7-96B0-AF4151F4C225}.Release|Any CPU.Build.0 = Release|Any CPU
		{179A1DF4-9AC4-4C13-8C53-59D7919ADCA4}.Debug|Any CPU.ActiveCfg = Debug|Any CPU
		{179A1DF4-9AC4-4C13-8C53-59D7919ADCA4}.Debug|Any CPU.Build.0 = Debug|Any CPU
		{179A1DF4-9AC4-4C13-8C53-59D7919ADCA4}.Release|Any CPU.ActiveCfg = Release|Any CPU
		{179A1DF4-9AC4-4C13-8C53-59D7919ADCA4}.Release|Any CPU.Build.0 = Release|Any CPU
		{D7C68FB3-797E-486E-AB05-0807C1AC8864}.Debug|Any CPU.ActiveCfg = Debug|Any CPU
		{D7C68FB3-797E-486E-AB05-0807C1AC8864}.Debug|Any CPU.Build.0 = Debug|Any CPU
		{D7C68FB3-797E-486E-AB05-0807C1AC8864}.Release|Any CPU.ActiveCfg = Release|Any CPU
		{D7C68FB3-797E-486E-AB05-0807C1AC8864}.Release|Any CPU.Build.0 = Release|Any CPU
		{100672B0-69A0-45ED-9BF7-45FE27303B34}.Debug|Any CPU.ActiveCfg = Debug|Any CPU
		{100672B0-69A0-45ED-9BF7-45FE27303B34}.Debug|Any CPU.Build.0 = Debug|Any CPU
		{100672B0-69A0-45ED-9BF7-45FE27303B34}.Release|Any CPU.ActiveCfg = Release|Any CPU
		{100672B0-69A0-45ED-9BF7-45FE27303B34}.Release|Any CPU.Build.0 = Release|Any CPU
		{C94612B3-027E-424E-8AFD-0BAF609CD3BC}.Debug|Any CPU.ActiveCfg = Debug|Any CPU
		{C94612B3-027E-424E-8AFD-0BAF609CD3BC}.Debug|Any CPU.Build.0 = Debug|Any CPU
		{C94612B3-027E-424E-8AFD-0BAF609CD3BC}.Release|Any CPU.ActiveCfg = Release|Any CPU
		{C94612B3-027E-424E-8AFD-0BAF609CD3BC}.Release|Any CPU.Build.0 = Release|Any CPU
		{CFACF08E-9634-4476-B30E-4FCEA0DFC893}.Debug|Any CPU.ActiveCfg = Debug|Any CPU
		{CFACF08E-9634-4476-B30E-4FCEA0DFC893}.Debug|Any CPU.Build.0 = Debug|Any CPU
		{CFACF08E-9634-4476-B30E-4FCEA0DFC893}.Release|Any CPU.ActiveCfg = Release|Any CPU
		{CFACF08E-9634-4476-B30E-4FCEA0DFC893}.Release|Any CPU.Build.0 = Release|Any CPU
		{1856C37D-22D1-42CD-B87F-7D1B3C7B6FA6}.Debug|Any CPU.ActiveCfg = Debug|Any CPU
		{1856C37D-22D1-42CD-B87F-7D1B3C7B6FA6}.Debug|Any CPU.Build.0 = Debug|Any CPU
		{1856C37D-22D1-42CD-B87F-7D1B3C7B6FA6}.Release|Any CPU.ActiveCfg = Release|Any CPU
		{1856C37D-22D1-42CD-B87F-7D1B3C7B6FA6}.Release|Any CPU.Build.0 = Release|Any CPU
		{AD0B9ECD-9DF9-4E52-BC74-EEB7E477FE6B}.Debug|Any CPU.ActiveCfg = Debug|Any CPU
		{AD0B9ECD-9DF9-4E52-BC74-EEB7E477FE6B}.Debug|Any CPU.Build.0 = Debug|Any CPU
		{AD0B9ECD-9DF9-4E52-BC74-EEB7E477FE6B}.Release|Any CPU.ActiveCfg = Release|Any CPU
		{AD0B9ECD-9DF9-4E52-BC74-EEB7E477FE6B}.Release|Any CPU.Build.0 = Release|Any CPU
		{A58D965D-61D3-4C95-A75B-88E8C98D2F16}.Debug|Any CPU.ActiveCfg = Debug|Any CPU
		{A58D965D-61D3-4C95-A75B-88E8C98D2F16}.Debug|Any CPU.Build.0 = Debug|Any CPU
		{A58D965D-61D3-4C95-A75B-88E8C98D2F16}.Release|Any CPU.ActiveCfg = Release|Any CPU
		{A58D965D-61D3-4C95-A75B-88E8C98D2F16}.Release|Any CPU.Build.0 = Release|Any CPU
		{38D2F1F8-56DC-4A42-8434-C965D62C0F7A}.Debug|Any CPU.ActiveCfg = Debug|Any CPU
		{38D2F1F8-56DC-4A42-8434-C965D62C0F7A}.Debug|Any CPU.Build.0 = Debug|Any CPU
		{38D2F1F8-56DC-4A42-8434-C965D62C0F7A}.Release|Any CPU.ActiveCfg = Release|Any CPU
		{38D2F1F8-56DC-4A42-8434-C965D62C0F7A}.Release|Any CPU.Build.0 = Release|Any CPU
		{37452242-CA82-412D-92E3-72BD1EB363A7}.Debug|Any CPU.ActiveCfg = Debug|Any CPU
		{37452242-CA82-412D-92E3-72BD1EB363A7}.Debug|Any CPU.Build.0 = Debug|Any CPU
		{37452242-CA82-412D-92E3-72BD1EB363A7}.Release|Any CPU.ActiveCfg = Release|Any CPU
		{37452242-CA82-412D-92E3-72BD1EB363A7}.Release|Any CPU.Build.0 = Release|Any CPU
		{A2CB36E1-40EA-44B2-AC5C-36647C3C09A4}.Debug|Any CPU.ActiveCfg = Debug|Any CPU
		{A2CB36E1-40EA-44B2-AC5C-36647C3C09A4}.Debug|Any CPU.Build.0 = Debug|Any CPU
		{A2CB36E1-40EA-44B2-AC5C-36647C3C09A4}.Release|Any CPU.ActiveCfg = Release|Any CPU
		{A2CB36E1-40EA-44B2-AC5C-36647C3C09A4}.Release|Any CPU.Build.0 = Release|Any CPU
		{8992E85C-50B6-4669-ADE7-DB909DF728DF}.Debug|Any CPU.ActiveCfg = Debug|Any CPU
		{8992E85C-50B6-4669-ADE7-DB909DF728DF}.Debug|Any CPU.Build.0 = Debug|Any CPU
		{8992E85C-50B6-4669-ADE7-DB909DF728DF}.Release|Any CPU.ActiveCfg = Release|Any CPU
		{8992E85C-50B6-4669-ADE7-DB909DF728DF}.Release|Any CPU.Build.0 = Release|Any CPU
		{F97CCFF4-D99D-49FB-AA94-DA277B179E7B}.Debug|Any CPU.ActiveCfg = Debug|Any CPU
		{F97CCFF4-D99D-49FB-AA94-DA277B179E7B}.Debug|Any CPU.Build.0 = Debug|Any CPU
		{F97CCFF4-D99D-49FB-AA94-DA277B179E7B}.Release|Any CPU.ActiveCfg = Release|Any CPU
		{F97CCFF4-D99D-49FB-AA94-DA277B179E7B}.Release|Any CPU.Build.0 = Release|Any CPU
		{62D673BA-E29E-4D2F-B1B7-6420F1073AD2}.Debug|Any CPU.ActiveCfg = Debug|Any CPU
		{62D673BA-E29E-4D2F-B1B7-6420F1073AD2}.Debug|Any CPU.Build.0 = Debug|Any CPU
		{62D673BA-E29E-4D2F-B1B7-6420F1073AD2}.Release|Any CPU.ActiveCfg = Release|Any CPU
		{62D673BA-E29E-4D2F-B1B7-6420F1073AD2}.Release|Any CPU.Build.0 = Release|Any CPU
		{39BC6D55-E68E-4D38-8390-F6D7735E9976}.Debug|Any CPU.ActiveCfg = Debug|Any CPU
		{39BC6D55-E68E-4D38-8390-F6D7735E9976}.Debug|Any CPU.Build.0 = Debug|Any CPU
		{39BC6D55-E68E-4D38-8390-F6D7735E9976}.Release|Any CPU.ActiveCfg = Release|Any CPU
		{39BC6D55-E68E-4D38-8390-F6D7735E9976}.Release|Any CPU.Build.0 = Release|Any CPU
		{306A5F54-C893-42B4-9C3D-03B4D83AA397}.Debug|Any CPU.ActiveCfg = Debug|Any CPU
		{306A5F54-C893-42B4-9C3D-03B4D83AA397}.Debug|Any CPU.Build.0 = Debug|Any CPU
		{306A5F54-C893-42B4-9C3D-03B4D83AA397}.Release|Any CPU.ActiveCfg = Release|Any CPU
		{306A5F54-C893-42B4-9C3D-03B4D83AA397}.Release|Any CPU.Build.0 = Release|Any CPU
		{5DBE4BBD-668E-492B-A933-10E8722E9D41}.Debug|Any CPU.ActiveCfg = Debug|Any CPU
		{5DBE4BBD-668E-492B-A933-10E8722E9D41}.Debug|Any CPU.Build.0 = Debug|Any CPU
		{5DBE4BBD-668E-492B-A933-10E8722E9D41}.Release|Any CPU.ActiveCfg = Release|Any CPU
		{5DBE4BBD-668E-492B-A933-10E8722E9D41}.Release|Any CPU.Build.0 = Release|Any CPU
		{16B40ADD-B546-4938-A922-4600A32F451B}.Debug|Any CPU.ActiveCfg = Debug|Any CPU
		{16B40ADD-B546-4938-A922-4600A32F451B}.Debug|Any CPU.Build.0 = Debug|Any CPU
		{16B40ADD-B546-4938-A922-4600A32F451B}.Release|Any CPU.ActiveCfg = Release|Any CPU
		{16B40ADD-B546-4938-A922-4600A32F451B}.Release|Any CPU.Build.0 = Release|Any CPU
		{D9A89589-5730-405A-BA40-83B785FA491E}.Debug|Any CPU.ActiveCfg = Debug|Any CPU
		{D9A89589-5730-405A-BA40-83B785FA491E}.Debug|Any CPU.Build.0 = Debug|Any CPU
		{D9A89589-5730-405A-BA40-83B785FA491E}.Release|Any CPU.ActiveCfg = Release|Any CPU
		{D9A89589-5730-405A-BA40-83B785FA491E}.Release|Any CPU.Build.0 = Release|Any CPU
		{32C716C9-974B-4F87-A05C-86F01494BAEE}.Debug|Any CPU.ActiveCfg = Debug|Any CPU
		{32C716C9-974B-4F87-A05C-86F01494BAEE}.Debug|Any CPU.Build.0 = Debug|Any CPU
		{32C716C9-974B-4F87-A05C-86F01494BAEE}.Release|Any CPU.ActiveCfg = Release|Any CPU
		{32C716C9-974B-4F87-A05C-86F01494BAEE}.Release|Any CPU.Build.0 = Release|Any CPU
		{0DA4B2D3-1A7D-4D3C-9B3F-CE70A1287AD3}.Debug|Any CPU.ActiveCfg = Debug|Any CPU
		{0DA4B2D3-1A7D-4D3C-9B3F-CE70A1287AD3}.Debug|Any CPU.Build.0 = Debug|Any CPU
		{0DA4B2D3-1A7D-4D3C-9B3F-CE70A1287AD3}.Release|Any CPU.ActiveCfg = Release|Any CPU
		{0DA4B2D3-1A7D-4D3C-9B3F-CE70A1287AD3}.Release|Any CPU.Build.0 = Release|Any CPU
	EndGlobalSection
	GlobalSection(SolutionProperties) = preSolution
		HideSolutionNode = FALSE
	EndGlobalSection
	GlobalSection(NestedProjects) = preSolution
		{4FA0738E-452B-48F2-8985-477A82BEBFC9} = {34A41C8C-8E6C-4C2F-9737-6E7ED3764CF4}
		{0AA385DD-2C54-4C49-9CBC-319CE3E49579} = {34A41C8C-8E6C-4C2F-9737-6E7ED3764CF4}
		{1EF48A51-2C4F-4431-850D-C32FFCA3FAA0} = {34A41C8C-8E6C-4C2F-9737-6E7ED3764CF4}
		{D429016D-5911-4A1A-8393-4C3C59843CDF} = {4FA0738E-452B-48F2-8985-477A82BEBFC9}
		{61FBE904-F4DF-4E1D-9543-1B08703E9970} = {0AA385DD-2C54-4C49-9CBC-319CE3E49579}
		{8E50BB3C-95DD-47D1-BFCF-5E4AE6B3BED7} = {0AA385DD-2C54-4C49-9CBC-319CE3E49579}
		{74F07B4B-CB1C-4B94-B83A-66AD5736ACED} = {1EF48A51-2C4F-4431-850D-C32FFCA3FAA0}
		{16C6CF89-EF07-4700-B508-03A976B8B7A8} = {1EF48A51-2C4F-4431-850D-C32FFCA3FAA0}
		{5E7CC488-5801-469D-85D0-40FE77420670} = {C57CD945-91D3-4ED2-90EB-90E75971ECF6}
		{A4D9944E-5BE8-4CEB-A338-1B432A99092F} = {C57CD945-91D3-4ED2-90EB-90E75971ECF6}
		{25D4441E-D60B-40C9-B865-08DEEF4C9A17} = {C57CD945-91D3-4ED2-90EB-90E75971ECF6}
		{1D1458FB-07AF-4C67-A6A5-9FD1A0E347E4} = {A4D9944E-5BE8-4CEB-A338-1B432A99092F}
		{C7C5A664-33BF-42BB-BB1D-1DE77304C68F} = {A4D9944E-5BE8-4CEB-A338-1B432A99092F}
		{9807AEAC-B6A5-42E2-97D0-3C8C1BB20C4B} = {5E7CC488-5801-469D-85D0-40FE77420670}
		{E9A90BC9-0E38-4E9D-9D21-41C4B748A862} = {25D4441E-D60B-40C9-B865-08DEEF4C9A17}
		{6E2ED239-A485-48D0-9D5A-E633C21330C9} = {25D4441E-D60B-40C9-B865-08DEEF4C9A17}
		{A7393472-705D-4ED7-915D-8E951087907D} = {C6B6E95E-E3F7-4E77-8863-758BC8B62D7F}
		{6334EC8F-92F0-4BEF-9832-EDB087795BFE} = {C6B6E95E-E3F7-4E77-8863-758BC8B62D7F}
		{FFD5EC0F-9160-4562-9390-A927EDF7939F} = {C6B6E95E-E3F7-4E77-8863-758BC8B62D7F}
		{D51DD014-E85F-4A72-922D-9F7625B6B63D} = {6334EC8F-92F0-4BEF-9832-EDB087795BFE}
		{3CAB5D6D-6ECD-40E7-96B0-AF4151F4C225} = {6334EC8F-92F0-4BEF-9832-EDB087795BFE}
		{179A1DF4-9AC4-4C13-8C53-59D7919ADCA4} = {A7393472-705D-4ED7-915D-8E951087907D}
		{D7C68FB3-797E-486E-AB05-0807C1AC8864} = {FFD5EC0F-9160-4562-9390-A927EDF7939F}
		{100672B0-69A0-45ED-9BF7-45FE27303B34} = {FFD5EC0F-9160-4562-9390-A927EDF7939F}
		{AD6F411B-F7F1-4DC7-AA91-F44EE93C6574} = {E0B8ACDA-83C8-4D38-B95F-D30FD1D35443}
		{C79E2326-B340-4AE7-9683-17FBC2D5257E} = {E0B8ACDA-83C8-4D38-B95F-D30FD1D35443}
		{83A1CE9D-2EA7-4ECB-A3D4-C3B134611366} = {E0B8ACDA-83C8-4D38-B95F-D30FD1D35443}
		{C94612B3-027E-424E-8AFD-0BAF609CD3BC} = {C79E2326-B340-4AE7-9683-17FBC2D5257E}
		{CFACF08E-9634-4476-B30E-4FCEA0DFC893} = {C79E2326-B340-4AE7-9683-17FBC2D5257E}
		{1856C37D-22D1-42CD-B87F-7D1B3C7B6FA6} = {AD6F411B-F7F1-4DC7-AA91-F44EE93C6574}
		{AD0B9ECD-9DF9-4E52-BC74-EEB7E477FE6B} = {83A1CE9D-2EA7-4ECB-A3D4-C3B134611366}
		{A58D965D-61D3-4C95-A75B-88E8C98D2F16} = {83A1CE9D-2EA7-4ECB-A3D4-C3B134611366}
		{F358E2DF-A1F5-4D1D-BF49-1A7F107A5027} = {061F47F9-AA4A-44CB-B6D0-BA85679D5808}
		{91F0E3C9-41EB-46DF-BED4-8560CB5F5F54} = {061F47F9-AA4A-44CB-B6D0-BA85679D5808}
		{E87D6830-55EC-4E70-95D3-8349EBC784D6} = {061F47F9-AA4A-44CB-B6D0-BA85679D5808}
		{38D2F1F8-56DC-4A42-8434-C965D62C0F7A} = {91F0E3C9-41EB-46DF-BED4-8560CB5F5F54}
		{37452242-CA82-412D-92E3-72BD1EB363A7} = {91F0E3C9-41EB-46DF-BED4-8560CB5F5F54}
		{A2CB36E1-40EA-44B2-AC5C-36647C3C09A4} = {F358E2DF-A1F5-4D1D-BF49-1A7F107A5027}
		{8992E85C-50B6-4669-ADE7-DB909DF728DF} = {E87D6830-55EC-4E70-95D3-8349EBC784D6}
		{F97CCFF4-D99D-49FB-AA94-DA277B179E7B} = {E87D6830-55EC-4E70-95D3-8349EBC784D6}
		{F37CD80C-FEC5-4BA3-ADCC-8EE425D16036} = {80A83E73-62D9-479A-A342-9C895B6377A6}
		{03DF3256-50DE-4B0F-9075-35453CB9E66D} = {80A83E73-62D9-479A-A342-9C895B6377A6}
		{55B314E0-2E5B-449B-A052-9875B8E907E6} = {80A83E73-62D9-479A-A342-9C895B6377A6}
		{62D673BA-E29E-4D2F-B1B7-6420F1073AD2} = {03DF3256-50DE-4B0F-9075-35453CB9E66D}
		{39BC6D55-E68E-4D38-8390-F6D7735E9976} = {03DF3256-50DE-4B0F-9075-35453CB9E66D}
		{306A5F54-C893-42B4-9C3D-03B4D83AA397} = {F37CD80C-FEC5-4BA3-ADCC-8EE425D16036}
		{5DBE4BBD-668E-492B-A933-10E8722E9D41} = {55B314E0-2E5B-449B-A052-9875B8E907E6}
		{16B40ADD-B546-4938-A922-4600A32F451B} = {55B314E0-2E5B-449B-A052-9875B8E907E6}
		{32C716C9-974B-4F87-A05C-86F01494BAEE} = {55B314E0-2E5B-449B-A052-9875B8E907E6}
		{468C8629-1E7E-405C-8B04-9CB274243297} = {80A83E73-62D9-479A-A342-9C895B6377A6}
		{0DA4B2D3-1A7D-4D3C-9B3F-CE70A1287AD3} = {468C8629-1E7E-405C-8B04-9CB274243297}
	EndGlobalSection
	GlobalSection(ExtensibilityGlobals) = postSolution
		SolutionGuid = {AF7AE273-8AC8-4F41-A438-73A73634A8C8}
	EndGlobalSection
EndGlobal
